
Microsoft Visual Studio Solution File, Format Version 12.00
# Visual Studio Version 17
VisualStudioVersion = 17.7.34221.43
MinimumVisualStudioVersion = 10.0.40219.1
Project("{FAE04EC0-301F-11D3-BF4B-00C04F79EFBC}") = "AddStudent", "AddStudent\AddStudent.csproj", "{F5A026A2-4173-44FF-B0C7-0EEDECF08C85}"
EndProject
Global
	GlobalSection(SolutionConfigurationPlatforms) = preSolution
		Debug|Any CPU = Debug|Any CPU
		Release|Any CPU = Release|Any CPU
	EndGlobalSection
	GlobalSection(ProjectConfigurationPlatforms) = postSolution
		{F5A026A2-4173-44FF-B0C7-0EEDECF08C85}.Debug|Any CPU.ActiveCfg = Debug|Any CPU
		{F5A026A2-4173-44FF-B0C7-0EEDECF08C85}.Debug|Any CPU.Build.0 = Debug|Any CPU
		{F5A026A2-4173-44FF-B0C7-0EEDECF08C85}.Release|Any CPU.ActiveCfg = Release|Any CPU
		{F5A026A2-4173-44FF-B0C7-0EEDECF08C85}.Release|Any CPU.Build.0 = Release|Any CPU
	EndGlobalSection
	GlobalSection(SolutionProperties) = preSolution
		HideSolutionNode = FALSE
	EndGlobalSection
	GlobalSection(ExtensibilityGlobals) = postSolution
		SolutionGuid = {04C2AA93-B0F2-44EF-9E0C-552555F08263}
	EndGlobalSection
EndGlobal
